// !$*UTF8*$!
{
	archiveVersion = 1;
	classes = {
	};
	objectVersion = 77;
	objects = {

/* Begin PBXBuildFile section */
		EC3E2BE72E90F7BD00E7F49B /* FirebaseAnalyticsCore in Frameworks */ = {isa = PBXBuildFile; productRef = EC3E2BE62E90F7BD00E7F49B /* FirebaseAnalyticsCore */; };
		EC3E2BE92E90F7BD00E7F49B /* FirebaseCrashlytics in Frameworks */ = {isa = PBXBuildFile; productRef = EC3E2BE82E90F7BD00E7F49B /* FirebaseCrashlytics */; };
		EC3E2BEB2E90F7BD00E7F49B /* FirebaseMessaging in Frameworks */ = {isa = PBXBuildFile; productRef = EC3E2BEA2E90F7BD00E7F49B /* FirebaseMessaging */; };
		EC3E2BEF2E90FEB000E7F49B /* .gitignore in Resources */ = {isa = PBXBuildFile; fileRef = EC3E2BEE2E90FEB000E7F49B /* .gitignore */; };
		EC4FE8F02EB874F700617325 /* WidgetKit.framework in Frameworks */ = {isa = PBXBuildFile; fileRef = EC4FE8EF2EB874F600617325 /* WidgetKit.framework */; };
		EC4FE8F22EB874F700617325 /* SwiftUI.framework in Frameworks */ = {isa = PBXBuildFile; fileRef = EC4FE8F12EB874F700617325 /* SwiftUI.framework */; };
		EC4FE8FD2EB874F700617325 /* ClippyWidgetExtension.appex in Embed Foundation Extensions */ = {isa = PBXBuildFile; fileRef = EC4FE8EE2EB874F600617325 /* ClippyWidgetExtension.appex */; settings = {ATTRIBUTES = (RemoveHeadersOnCopy, ); }; };
		EC4FE9082EB8757B00617325 /* RealmSwift in Frameworks */ = {isa = PBXBuildFile; productRef = EC4FE9072EB8757B00617325 /* RealmSwift */; };
		EC4FE9122EB876C900617325 /* ClippyWidget.swift in Sources */ = {isa = PBXBuildFile; fileRef = EC4FE90C2EB876C900617325 /* ClippyWidget.swift */; };
		EC4FE9132EB876C900617325 /* ExpiredLinksWidgetView.swift in Sources */ = {isa = PBXBuildFile; fileRef = EC4FE90E2EB876C900617325 /* ExpiredLinksWidgetView.swift */; };
		EC4FE9142EB876C900617325 /* ExpiredLinksProvider.swift in Sources */ = {isa = PBXBuildFile; fileRef = EC4FE90D2EB876C900617325 /* ExpiredLinksProvider.swift */; };
		EC5368642E8417C200B411DB /* RxCocoa in Frameworks */ = {isa = PBXBuildFile; productRef = EC5368632E8417C200B411DB /* RxCocoa */; };
		EC5368662E8417C200B411DB /* RxSwift in Frameworks */ = {isa = PBXBuildFile; productRef = EC5368652E8417C200B411DB /* RxSwift */; };
		EC536EBE2E8BFE1500B411DB /* RealmSwift in Embed Frameworks */ = {isa = PBXBuildFile; productRef = ECB793952E826D3800C44AF0 /* RealmSwift */; settings = {ATTRIBUTES = (CodeSignOnCopy, ); }; };
		EC5370752E8F472400B411DB /* Toast in Frameworks */ = {isa = PBXBuildFile; productRef = EC5370742E8F472400B411DB /* Toast */; };
		ECB793962E826D3800C44AF0 /* RealmSwift in Frameworks */ = {isa = PBXBuildFile; productRef = ECB793952E826D3800C44AF0 /* RealmSwift */; };
		ECB793992E826D4E00C44AF0 /* SnapKit in Frameworks */ = {isa = PBXBuildFile; productRef = ECB793982E826D4E00C44AF0 /* SnapKit */; };
		ECD17EC02E9FE30E00751E4F /* ClippyShare.appex in Embed Foundation Extensions */ = {isa = PBXBuildFile; fileRef = ECD17EB62E9FE30E00751E4F /* ClippyShare.appex */; settings = {ATTRIBUTES = (RemoveHeadersOnCopy, ); }; };
		ECD17EC92E9FECA600751E4F /* SnapKit in Frameworks */ = {isa = PBXBuildFile; productRef = ECD17EC82E9FECA600751E4F /* SnapKit */; };
		ECD17ECB2E9FF5EA00751E4F /* Toast in Frameworks */ = {isa = PBXBuildFile; productRef = ECD17ECA2E9FF5EA00751E4F /* Toast */; };
		ECEA9F462EB880D700502DEB /* WidgetConfiguration.swift in Sources */ = {isa = PBXBuildFile; fileRef = ECEA9F452EB880D700502DEB /* WidgetConfiguration.swift */; };
		ECEDF8D32EEFBD6B00B06791 /* RealmSwift in Frameworks */ = {isa = PBXBuildFile; productRef = ECEDF8D22EEFBD6B00B06791 /* RealmSwift */; };
		ECEDF8D42EEFBD6B00B06791 /* RealmSwift in Embed Frameworks */ = {isa = PBXBuildFile; productRef = ECEDF8D22EEFBD6B00B06791 /* RealmSwift */; settings = {ATTRIBUTES = (CodeSignOnCopy, ); }; };
/* End PBXBuildFile section */

/* Begin PBXContainerItemProxy section */
		EC4FE8FB2EB874F700617325 /* PBXContainerItemProxy */ = {
			isa = PBXContainerItemProxy;
			containerPortal = ECB792682E82215900C44AF0 /* Project object */;
			proxyType = 1;
			remoteGlobalIDString = EC4FE8ED2EB874F600617325;
			remoteInfo = ClippyWidgetExtension;
		};
		ECEDF8C92EEFB9FC00B06791 /* PBXContainerItemProxy */ = {
			isa = PBXContainerItemProxy;
			containerPortal = ECB792682E82215900C44AF0 /* Project object */;
			proxyType = 1;
			remoteGlobalIDString = ECB7926F2E82215900C44AF0;
			remoteInfo = Clippy;
		};
/* End PBXContainerItemProxy section */

/* Begin PBXCopyFilesBuildPhase section */
		EC4FE9092EB8757B00617325 /* Embed Frameworks */ = {
			isa = PBXCopyFilesBuildPhase;
			buildActionMask = 2147483647;
			dstPath = "";
			dstSubfolderSpec = 10;
			files = (
			);
			name = "Embed Frameworks";
			runOnlyForDeploymentPostprocessing = 0;
		};
		EC536EBF2E8BFE1500B411DB /* Embed Frameworks */ = {
			isa = PBXCopyFilesBuildPhase;
			buildActionMask = 2147483647;
			dstPath = "";
			dstSubfolderSpec = 10;
			files = (
				EC536EBE2E8BFE1500B411DB /* RealmSwift in Embed Frameworks */,
			);
			name = "Embed Frameworks";
			runOnlyForDeploymentPostprocessing = 0;
		};
		ECD17EC12E9FE30E00751E4F /* Embed Foundation Extensions */ = {
			isa = PBXCopyFilesBuildPhase;
			buildActionMask = 2147483647;
			dstPath = "";
			dstSubfolderSpec = 13;
			files = (
				ECD17EC02E9FE30E00751E4F /* ClippyShare.appex in Embed Foundation Extensions */,
				EC4FE8FD2EB874F700617325 /* ClippyWidgetExtension.appex in Embed Foundation Extensions */,
			);
			name = "Embed Foundation Extensions";
			runOnlyForDeploymentPostprocessing = 0;
		};
		ECEDF8D52EEFBD6B00B06791 /* Embed Frameworks */ = {
			isa = PBXCopyFilesBuildPhase;
			buildActionMask = 2147483647;
			dstPath = "";
			dstSubfolderSpec = 10;
			files = (
				ECEDF8D42EEFBD6B00B06791 /* RealmSwift in Embed Frameworks */,
			);
			name = "Embed Frameworks";
			runOnlyForDeploymentPostprocessing = 0;
		};
/* End PBXCopyFilesBuildPhase section */

/* Begin PBXFileReference section */
		EC3E2BEE2E90FEB000E7F49B /* .gitignore */ = {isa = PBXFileReference; lastKnownFileType = text; path = .gitignore; sourceTree = "<group>"; };
		EC4FE8EE2EB874F600617325 /* ClippyWidgetExtension.appex */ = {isa = PBXFileReference; explicitFileType = "wrapper.app-extension"; includeInIndex = 0; path = ClippyWidgetExtension.appex; sourceTree = BUILT_PRODUCTS_DIR; };
		EC4FE8EF2EB874F600617325 /* WidgetKit.framework */ = {isa = PBXFileReference; lastKnownFileType = wrapper.framework; name = WidgetKit.framework; path = System/Library/Frameworks/WidgetKit.framework; sourceTree = SDKROOT; };
		EC4FE8F12EB874F700617325 /* SwiftUI.framework */ = {isa = PBXFileReference; lastKnownFileType = wrapper.framework; name = SwiftUI.framework; path = System/Library/Frameworks/SwiftUI.framework; sourceTree = SDKROOT; };
		EC4FE90B2EB876C900617325 /* ClippyWidget.entitlements */ = {isa = PBXFileReference; lastKnownFileType = text.plist.entitlements; path = ClippyWidget.entitlements; sourceTree = "<group>"; };
		EC4FE90C2EB876C900617325 /* ClippyWidget.swift */ = {isa = PBXFileReference; lastKnownFileType = sourcecode.swift; path = ClippyWidget.swift; sourceTree = "<group>"; };
		EC4FE90D2EB876C900617325 /* ExpiredLinksProvider.swift */ = {isa = PBXFileReference; lastKnownFileType = sourcecode.swift; path = ExpiredLinksProvider.swift; sourceTree = "<group>"; };
		EC4FE90E2EB876C900617325 /* ExpiredLinksWidgetView.swift */ = {isa = PBXFileReference; lastKnownFileType = sourcecode.swift; path = ExpiredLinksWidgetView.swift; sourceTree = "<group>"; };
		EC4FE90F2EB876C900617325 /* Info.plist */ = {isa = PBXFileReference; lastKnownFileType = text.plist.xml; path = Info.plist; sourceTree = "<group>"; };
		ECB792702E82215900C44AF0 /* Clippy.app */ = {isa = PBXFileReference; explicitFileType = wrapper.application; includeInIndex = 0; path = Clippy.app; sourceTree = BUILT_PRODUCTS_DIR; };
		ECD17EB62E9FE30E00751E4F /* ClippyShare.appex */ = {isa = PBXFileReference; explicitFileType = "wrapper.app-extension"; includeInIndex = 0; path = ClippyShare.appex; sourceTree = BUILT_PRODUCTS_DIR; };
		ECEA9F442EB87E1000502DEB /* ClippyWidgetExtension.entitlements */ = {isa = PBXFileReference; lastKnownFileType = text.plist.entitlements; path = ClippyWidgetExtension.entitlements; sourceTree = "<group>"; };
		ECEA9F452EB880D700502DEB /* WidgetConfiguration.swift */ = {isa = PBXFileReference; lastKnownFileType = sourcecode.swift; path = WidgetConfiguration.swift; sourceTree = "<group>"; };
		ECEDF8C52EEFB9FC00B06791 /* ClippyTests.xctest */ = {isa = PBXFileReference; explicitFileType = wrapper.cfbundle; includeInIndex = 0; path = ClippyTests.xctest; sourceTree = BUILT_PRODUCTS_DIR; };
/* End PBXFileReference section */

/* Begin PBXFileSystemSynchronizedBuildFileExceptionSet section */
		EC4FE9162EB877FE00617325 /* Exceptions for "Clippy" folder in "ClippyWidgetExtension" target */ = {
			isa = PBXFileSystemSynchronizedBuildFileExceptionSet;
			membershipExceptions = (
				DataBase/RealmTable.swift,
			);
			target = EC4FE8ED2EB874F600617325 /* ClippyWidgetExtension */;
		};
		ECB792822E82215B00C44AF0 /* Exceptions for "Clippy" folder in "Clippy" target */ = {
			isa = PBXFileSystemSynchronizedBuildFileExceptionSet;
			membershipExceptions = (
				Info.plist,
			);
			target = ECB7926F2E82215900C44AF0 /* Clippy */;
		};
		ECD17EC52E9FE30E00751E4F /* Exceptions for "ClippyShare" folder in "ClippyShare" target */ = {
			isa = PBXFileSystemSynchronizedBuildFileExceptionSet;
			membershipExceptions = (
				Info.plist,
			);
			target = ECD17EB52E9FE30E00751E4F /* ClippyShare */;
		};
/* End PBXFileSystemSynchronizedBuildFileExceptionSet section */

/* Begin PBXFileSystemSynchronizedRootGroup section */
		ECB792722E82215900C44AF0 /* Clippy */ = {
			isa = PBXFileSystemSynchronizedRootGroup;
			exceptions = (
				ECB792822E82215B00C44AF0 /* Exceptions for "Clippy" folder in "Clippy" target */,
				EC4FE9162EB877FE00617325 /* Exceptions for "Clippy" folder in "ClippyWidgetExtension" target */,
			);
			path = Clippy;
			sourceTree = "<group>";
		};
		ECD17EB72E9FE30E00751E4F /* ClippyShare */ = {
			isa = PBXFileSystemSynchronizedRootGroup;
			exceptions = (
				ECD17EC52E9FE30E00751E4F /* Exceptions for "ClippyShare" folder in "ClippyShare" target */,
			);
			path = ClippyShare;
			sourceTree = "<group>";
		};
		ECEDF8C62EEFB9FC00B06791 /* ClippyTests */ = {
			isa = PBXFileSystemSynchronizedRootGroup;
			path = ClippyTests;
			sourceTree = "<group>";
		};
/* End PBXFileSystemSynchronizedRootGroup section */

/* Begin PBXFrameworksBuildPhase section */
		EC4FE8EB2EB874F600617325 /* Frameworks */ = {
			isa = PBXFrameworksBuildPhase;
			buildActionMask = 2147483647;
			files = (
				EC4FE9082EB8757B00617325 /* RealmSwift in Frameworks */,
				EC4FE8F22EB874F700617325 /* SwiftUI.framework in Frameworks */,
				EC4FE8F02EB874F700617325 /* WidgetKit.framework in Frameworks */,
			);
			runOnlyForDeploymentPostprocessing = 0;
		};
		ECB7926D2E82215900C44AF0 /* Frameworks */ = {
			isa = PBXFrameworksBuildPhase;
			buildActionMask = 2147483647;
			files = (
				EC3E2BEB2E90F7BD00E7F49B /* FirebaseMessaging in Frameworks */,
				EC5368642E8417C200B411DB /* RxCocoa in Frameworks */,
				EC3E2BE72E90F7BD00E7F49B /* FirebaseAnalyticsCore in Frameworks */,
				ECB793962E826D3800C44AF0 /* RealmSwift in Frameworks */,
				EC3E2BE92E90F7BD00E7F49B /* FirebaseCrashlytics in Frameworks */,
				EC5368662E8417C200B411DB /* RxSwift in Frameworks */,
				EC5370752E8F472400B411DB /* Toast in Frameworks */,
				ECB793992E826D4E00C44AF0 /* SnapKit in Frameworks */,
			);
			runOnlyForDeploymentPostprocessing = 0;
		};
		ECD17EB32E9FE30E00751E4F /* Frameworks */ = {
			isa = PBXFrameworksBuildPhase;
			buildActionMask = 2147483647;
			files = (
				ECD17ECB2E9FF5EA00751E4F /* Toast in Frameworks */,
				ECD17EC92E9FECA600751E4F /* SnapKit in Frameworks */,
			);
			runOnlyForDeploymentPostprocessing = 0;
		};
		ECEDF8C22EEFB9FC00B06791 /* Frameworks */ = {
			isa = PBXFrameworksBuildPhase;
			buildActionMask = 2147483647;
			files = (
				ECEDF8D32EEFBD6B00B06791 /* RealmSwift in Frameworks */,
			);
			runOnlyForDeploymentPostprocessing = 0;
		};
/* End PBXFrameworksBuildPhase section */

/* Begin PBXGroup section */
		EC4FE9102EB876C900617325 /* ClippyWidget */ = {
			isa = PBXGroup;
			children = (
				EC4FE90B2EB876C900617325 /* ClippyWidget.entitlements */,
				EC4FE90C2EB876C900617325 /* ClippyWidget.swift */,
				EC4FE90D2EB876C900617325 /* ExpiredLinksProvider.swift */,
				EC4FE90E2EB876C900617325 /* ExpiredLinksWidgetView.swift */,
				EC4FE90F2EB876C900617325 /* Info.plist */,
				ECEA9F452EB880D700502DEB /* WidgetConfiguration.swift */,
			);
			path = ClippyWidget;
			sourceTree = "<group>";
		};
		ECB792672E82215800C44AF0 = {
			isa = PBXGroup;
			children = (
				ECEA9F442EB87E1000502DEB /* ClippyWidgetExtension.entitlements */,
				EC3E2BEE2E90FEB000E7F49B /* .gitignore */,
				ECB792722E82215900C44AF0 /* Clippy */,
				ECD17EB72E9FE30E00751E4F /* ClippyShare */,
				ECEDF8C62EEFB9FC00B06791 /* ClippyTests */,
				ECD17EC72E9FECA600751E4F /* Frameworks */,
				ECB792712E82215900C44AF0 /* Products */,
				EC4FE9102EB876C900617325 /* ClippyWidget */,
			);
			sourceTree = "<group>";
		};
		ECB792712E82215900C44AF0 /* Products */ = {
			isa = PBXGroup;
			children = (
				ECB792702E82215900C44AF0 /* Clippy.app */,
				ECD17EB62E9FE30E00751E4F /* ClippyShare.appex */,
				EC4FE8EE2EB874F600617325 /* ClippyWidgetExtension.appex */,
				ECEDF8C52EEFB9FC00B06791 /* ClippyTests.xctest */,
			);
			name = Products;
			sourceTree = "<group>";
		};
		ECD17EC72E9FECA600751E4F /* Frameworks */ = {
			isa = PBXGroup;
			children = (
				EC4FE8EF2EB874F600617325 /* WidgetKit.framework */,
				EC4FE8F12EB874F700617325 /* SwiftUI.framework */,
			);
			name = Frameworks;
			sourceTree = "<group>";
		};
/* End PBXGroup section */

/* Begin PBXNativeTarget section */
		EC4FE8ED2EB874F600617325 /* ClippyWidgetExtension */ = {
			isa = PBXNativeTarget;
			buildConfigurationList = EC4FE9002EB874F700617325 /* Build configuration list for PBXNativeTarget "ClippyWidgetExtension" */;
			buildPhases = (
				EC4FE8EA2EB874F600617325 /* Sources */,
				EC4FE8EB2EB874F600617325 /* Frameworks */,
				EC4FE8EC2EB874F600617325 /* Resources */,
				EC4FE9092EB8757B00617325 /* Embed Frameworks */,
			);
			buildRules = (
			);
			dependencies = (
			);
			name = ClippyWidgetExtension;
			packageProductDependencies = (
				EC4FE9072EB8757B00617325 /* RealmSwift */,
			);
			productName = ClippyWidgetExtension;
			productReference = EC4FE8EE2EB874F600617325 /* ClippyWidgetExtension.appex */;
			productType = "com.apple.product-type.app-extension";
		};
		ECB7926F2E82215900C44AF0 /* Clippy */ = {
			isa = PBXNativeTarget;
			buildConfigurationList = ECB792832E82215B00C44AF0 /* Build configuration list for PBXNativeTarget "Clippy" */;
			buildPhases = (
				ECB7926C2E82215900C44AF0 /* Sources */,
				ECB7926D2E82215900C44AF0 /* Frameworks */,
				ECB7926E2E82215900C44AF0 /* Resources */,
				EC536EBF2E8BFE1500B411DB /* Embed Frameworks */,
				ECD17EC12E9FE30E00751E4F /* Embed Foundation Extensions */,
				EC3E2BF62E91057300E7F49B /* ShellScript */,
			);
			buildRules = (
			);
			dependencies = (
				EC4FE8FC2EB874F700617325 /* PBXTargetDependency */,
			);
			fileSystemSynchronizedGroups = (
				ECB792722E82215900C44AF0 /* Clippy */,
			);
			name = Clippy;
			packageProductDependencies = (
				ECB793952E826D3800C44AF0 /* RealmSwift */,
				ECB793982E826D4E00C44AF0 /* SnapKit */,
				EC5368632E8417C200B411DB /* RxCocoa */,
				EC5368652E8417C200B411DB /* RxSwift */,
				EC5370742E8F472400B411DB /* Toast */,
				EC3E2BE62E90F7BD00E7F49B /* FirebaseAnalyticsCore */,
				EC3E2BE82E90F7BD00E7F49B /* FirebaseCrashlytics */,
				EC3E2BEA2E90F7BD00E7F49B /* FirebaseMessaging */,
			);
			productName = Clippy;
			productReference = ECB792702E82215900C44AF0 /* Clippy.app */;
			productType = "com.apple.product-type.application";
		};
		ECD17EB52E9FE30E00751E4F /* ClippyShare */ = {
			isa = PBXNativeTarget;
			buildConfigurationList = ECD17EC42E9FE30E00751E4F /* Build configuration list for PBXNativeTarget "ClippyShare" */;
			buildPhases = (
				ECD17EB22E9FE30E00751E4F /* Sources */,
				ECD17EB32E9FE30E00751E4F /* Frameworks */,
				ECD17EB42E9FE30E00751E4F /* Resources */,
			);
			buildRules = (
			);
			dependencies = (
			);
			fileSystemSynchronizedGroups = (
				ECD17EB72E9FE30E00751E4F /* ClippyShare */,
			);
			name = ClippyShare;
			packageProductDependencies = (
				ECD17EC82E9FECA600751E4F /* SnapKit */,
				ECD17ECA2E9FF5EA00751E4F /* Toast */,
			);
			productName = ClippyShare;
			productReference = ECD17EB62E9FE30E00751E4F /* ClippyShare.appex */;
			productType = "com.apple.product-type.app-extension";
		};
		ECEDF8C42EEFB9FC00B06791 /* ClippyTests */ = {
			isa = PBXNativeTarget;
			buildConfigurationList = ECEDF8CD2EEFB9FC00B06791 /* Build configuration list for PBXNativeTarget "ClippyTests" */;
			buildPhases = (
				ECEDF8C12EEFB9FC00B06791 /* Sources */,
				ECEDF8C22EEFB9FC00B06791 /* Frameworks */,
				ECEDF8C32EEFB9FC00B06791 /* Resources */,
				ECEDF8D52EEFBD6B00B06791 /* Embed Frameworks */,
			);
			buildRules = (
			);
			dependencies = (
				ECEDF8CA2EEFB9FC00B06791 /* PBXTargetDependency */,
			);
			fileSystemSynchronizedGroups = (
				ECEDF8C62EEFB9FC00B06791 /* ClippyTests */,
			);
			name = ClippyTests;
			packageProductDependencies = (
				ECEDF8D22EEFBD6B00B06791 /* RealmSwift */,
			);
			productName = ClippyTests;
			productReference = ECEDF8C52EEFB9FC00B06791 /* ClippyTests.xctest */;
			productType = "com.apple.product-type.bundle.unit-test";
		};
/* End PBXNativeTarget section */

/* Begin PBXProject section */
		ECB792682E82215900C44AF0 /* Project object */ = {
			isa = PBXProject;
			attributes = {
				BuildIndependentTargetsInParallel = 1;
				LastSwiftUpdateCheck = 1640;
				LastUpgradeCheck = 1640;
				TargetAttributes = {
					EC4FE8ED2EB874F600617325 = {
						CreatedOnToolsVersion = 16.4;
					};
					ECB7926F2E82215900C44AF0 = {
						CreatedOnToolsVersion = 16.4;
					};
					ECD17EB52E9FE30E00751E4F = {
						CreatedOnToolsVersion = 16.4;
					};
					ECEDF8C42EEFB9FC00B06791 = {
						CreatedOnToolsVersion = 16.4;
						TestTargetID = ECB7926F2E82215900C44AF0;
					};
				};
			};
			buildConfigurationList = ECB7926B2E82215900C44AF0 /* Build configuration list for PBXProject "Clippy" */;
			developmentRegion = en;
			hasScannedForEncodings = 0;
			knownRegions = (
				en,
				Base,
			);
			mainGroup = ECB792672E82215800C44AF0;
			minimizedProjectReferenceProxies = 1;
			packageReferences = (
				ECB793942E826D3800C44AF0 /* XCRemoteSwiftPackageReference "realm-swift" */,
				ECB793972E826D4E00C44AF0 /* XCRemoteSwiftPackageReference "SnapKit" */,
				EC5368622E8417C200B411DB /* XCRemoteSwiftPackageReference "RxSwift" */,
				EC5370732E8F472400B411DB /* XCRemoteSwiftPackageReference "Toast-Swift" */,
				EC3E2BE52E90F7BD00E7F49B /* XCRemoteSwiftPackageReference "firebase-ios-sdk" */,
			);
			preferredProjectObjectVersion = 77;
			productRefGroup = ECB792712E82215900C44AF0 /* Products */;
			projectDirPath = "";
			projectRoot = "";
			targets = (
				ECB7926F2E82215900C44AF0 /* Clippy */,
				ECD17EB52E9FE30E00751E4F /* ClippyShare */,
				EC4FE8ED2EB874F600617325 /* ClippyWidgetExtension */,
				ECEDF8C42EEFB9FC00B06791 /* ClippyTests */,
			);
		};
/* End PBXProject section */

/* Begin PBXResourcesBuildPhase section */
		EC4FE8EC2EB874F600617325 /* Resources */ = {
			isa = PBXResourcesBuildPhase;
			buildActionMask = 2147483647;
			files = (
			);
			runOnlyForDeploymentPostprocessing = 0;
		};
		ECB7926E2E82215900C44AF0 /* Resources */ = {
			isa = PBXResourcesBuildPhase;
			buildActionMask = 2147483647;
			files = (
				EC3E2BEF2E90FEB000E7F49B /* .gitignore in Resources */,
			);
			runOnlyForDeploymentPostprocessing = 0;
		};
		ECD17EB42E9FE30E00751E4F /* Resources */ = {
			isa = PBXResourcesBuildPhase;
			buildActionMask = 2147483647;
			files = (
			);
			runOnlyForDeploymentPostprocessing = 0;
		};
		ECEDF8C32EEFB9FC00B06791 /* Resources */ = {
			isa = PBXResourcesBuildPhase;
			buildActionMask = 2147483647;
			files = (
			);
			runOnlyForDeploymentPostprocessing = 0;
		};
/* End PBXResourcesBuildPhase section */

/* Begin PBXShellScriptBuildPhase section */
		EC3E2BF62E91057300E7F49B /* ShellScript */ = {
			isa = PBXShellScriptBuildPhase;
			buildActionMask = 2147483647;
			files = (
			);
			inputFileListPaths = (
			);
			inputPaths = (
				"${DWARF_DSYM_FOLDER_PATH}/${DWARF_DSYM_FILE_NAME}",
				"${DWARF_DSYM_FOLDER_PATH}/${DWARF_DSYM_FILE_NAME}/Contents/Resources/DWARF/${PRODUCT_NAME}",
				"${DWARF_DSYM_FOLDER_PATH}/${DWARF_DSYM_FILE_NAME}/Contents/Info.plist",
				"$(TARGET_BUILD_DIR)/$(UNLOCALIZED_RESOURCES_FOLDER_PATH)/GoogleService-Info.plist",
				"$(TARGET_BUILD_DIR)/$(EXECUTABLE_PATH)",
			);
			outputFileListPaths = (
			);
			outputPaths = (
				"$(DERIVED_FILE_DIR)/crashlytics_dummy_output",
			);
			runOnlyForDeploymentPostprocessing = 0;
			shellPath = /bin/sh;
			shellScript = "# Type a script or drag a script file from your workspace to insert its path.\n\"${BUILD_DIR%/Build/*}/SourcePackages/checkouts/firebase-ios-sdk/Crashlytics/run\"\n";
		};
/* End PBXShellScriptBuildPhase section */

/* Begin PBXSourcesBuildPhase section */
		EC4FE8EA2EB874F600617325 /* Sources */ = {
			isa = PBXSourcesBuildPhase;
			buildActionMask = 2147483647;
			files = (
				EC4FE9122EB876C900617325 /* ClippyWidget.swift in Sources */,
				EC4FE9132EB876C900617325 /* ExpiredLinksWidgetView.swift in Sources */,
				ECEA9F462EB880D700502DEB /* WidgetConfiguration.swift in Sources */,
				EC4FE9142EB876C900617325 /* ExpiredLinksProvider.swift in Sources */,
			);
			runOnlyForDeploymentPostprocessing = 0;
		};
		ECB7926C2E82215900C44AF0 /* Sources */ = {
			isa = PBXSourcesBuildPhase;
			buildActionMask = 2147483647;
			files = (
			);
			runOnlyForDeploymentPostprocessing = 0;
		};
		ECD17EB22E9FE30E00751E4F /* Sources */ = {
			isa = PBXSourcesBuildPhase;
			buildActionMask = 2147483647;
			files = (
			);
			runOnlyForDeploymentPostprocessing = 0;
		};
		ECEDF8C12EEFB9FC00B06791 /* Sources */ = {
			isa = PBXSourcesBuildPhase;
			buildActionMask = 2147483647;
			files = (
			);
			runOnlyForDeploymentPostprocessing = 0;
		};
/* End PBXSourcesBuildPhase section */

/* Begin PBXTargetDependency section */
		EC4FE8FC2EB874F700617325 /* PBXTargetDependency */ = {
			isa = PBXTargetDependency;
			target = EC4FE8ED2EB874F600617325 /* ClippyWidgetExtension */;
			targetProxy = EC4FE8FB2EB874F700617325 /* PBXContainerItemProxy */;
		};
		ECEDF8CA2EEFB9FC00B06791 /* PBXTargetDependency */ = {
			isa = PBXTargetDependency;
			target = ECB7926F2E82215900C44AF0 /* Clippy */;
			targetProxy = ECEDF8C92EEFB9FC00B06791 /* PBXContainerItemProxy */;
		};
/* End PBXTargetDependency section */

/* Begin XCBuildConfiguration section */
		EC4FE8FE2EB874F700617325 /* Debug */ = {
			isa = XCBuildConfiguration;
			buildSettings = {
				ASSETCATALOG_COMPILER_GLOBAL_ACCENT_COLOR_NAME = AccentColor;
				ASSETCATALOG_COMPILER_WIDGET_BACKGROUND_COLOR_NAME = WidgetBackground;
				CODE_SIGN_ENTITLEMENTS = ClippyWidgetExtension.entitlements;
				CODE_SIGN_STYLE = Automatic;
				CURRENT_PROJECT_VERSION = 1;
				DEVELOPMENT_TEAM = 6G3B344SZD;
				GENERATE_INFOPLIST_FILE = YES;
				INFOPLIST_FILE = ClippyWidget/Info.plist;
				INFOPLIST_KEY_CFBundleDisplayName = ClippyWidget;
				INFOPLIST_KEY_NSHumanReadableCopyright = "";
				IPHONEOS_DEPLOYMENT_TARGET = 17.6;
				LD_RUNPATH_SEARCH_PATHS = (
					"$(inherited)",
					"@executable_path/Frameworks",
					"@executable_path/../../Frameworks",
				);
				MARKETING_VERSION = 1.9.0;
				PRODUCT_BUNDLE_IDENTIFIER = com.jimin.Clippy.ClippyWidget;
				PRODUCT_NAME = "$(TARGET_NAME)";
				SKIP_INSTALL = YES;
				SWIFT_EMIT_LOC_STRINGS = YES;
				SWIFT_VERSION = 5.0;
				TARGETED_DEVICE_FAMILY = "1,2";
			};
			name = Debug;
		};
		EC4FE8FF2EB874F700617325 /* Release */ = {
			isa = XCBuildConfiguration;
			buildSettings = {
				ASSETCATALOG_COMPILER_GLOBAL_ACCENT_COLOR_NAME = AccentColor;
				ASSETCATALOG_COMPILER_WIDGET_BACKGROUND_COLOR_NAME = WidgetBackground;
				CODE_SIGN_ENTITLEMENTS = ClippyWidgetExtension.entitlements;
				CODE_SIGN_STYLE = Automatic;
				CURRENT_PROJECT_VERSION = 1;
				DEVELOPMENT_TEAM = 6G3B344SZD;
				GENERATE_INFOPLIST_FILE = YES;
				INFOPLIST_FILE = ClippyWidget/Info.plist;
				INFOPLIST_KEY_CFBundleDisplayName = ClippyWidget;
				INFOPLIST_KEY_NSHumanReadableCopyright = "";
				IPHONEOS_DEPLOYMENT_TARGET = 17.6;
				LD_RUNPATH_SEARCH_PATHS = (
					"$(inherited)",
					"@executable_path/Frameworks",
					"@executable_path/../../Frameworks",
				);
				MARKETING_VERSION = 1.9.0;
				PRODUCT_BUNDLE_IDENTIFIER = com.jimin.Clippy.ClippyWidget;
				PRODUCT_NAME = "$(TARGET_NAME)";
				SKIP_INSTALL = YES;
				SWIFT_EMIT_LOC_STRINGS = YES;
				SWIFT_VERSION = 5.0;
				TARGETED_DEVICE_FAMILY = "1,2";
			};
			name = Release;
		};
		ECB792842E82215B00C44AF0 /* Debug */ = {
			isa = XCBuildConfiguration;
			buildSettings = {
				ASSETCATALOG_COMPILER_APPICON_NAME = AppIcon;
				ASSETCATALOG_COMPILER_GLOBAL_ACCENT_COLOR_NAME = AccentColor;
				CODE_SIGN_ENTITLEMENTS = Clippy/Clippy.entitlements;
				CODE_SIGN_STYLE = Automatic;
				CURRENT_PROJECT_VERSION = 1;
				DEBUG_INFORMATION_FORMAT = "dwarf-with-dsym";
				DEVELOPMENT_TEAM = 6G3B344SZD;
				GENERATE_INFOPLIST_FILE = YES;
				INFOPLIST_FILE = Clippy/Info.plist;
				INFOPLIST_KEY_CFBundleDisplayName = Clippy;
				INFOPLIST_KEY_UIApplicationSupportsIndirectInputEvents = YES;
				INFOPLIST_KEY_UILaunchStoryboardName = LaunchScreen;
				INFOPLIST_KEY_UISupportedInterfaceOrientations = UIInterfaceOrientationPortrait;
				INFOPLIST_KEY_UISupportedInterfaceOrientations_iPad = UIInterfaceOrientationPortrait;
				INFOPLIST_KEY_UIUserInterfaceStyle = Light;
				IPHONEOS_DEPLOYMENT_TARGET = 16.0;
				LD_RUNPATH_SEARCH_PATHS = (
					"$(inherited)",
					"@executable_path/Frameworks",
				);
				MARKETING_VERSION = 1.9.0;
				OTHER_LDFLAGS = "-ObjC";
				PRODUCT_BUNDLE_IDENTIFIER = com.jimin.Clippy;
				PRODUCT_NAME = "$(TARGET_NAME)";
				SUPPORTED_PLATFORMS = "iphoneos iphonesimulator";
				SUPPORTS_MACCATALYST = NO;
				SUPPORTS_MAC_DESIGNED_FOR_IPHONE_IPAD = NO;
				SUPPORTS_XR_DESIGNED_FOR_IPHONE_IPAD = NO;
				SWIFT_EMIT_LOC_STRINGS = YES;
				SWIFT_VERSION = 5.0;
				TARGETED_DEVICE_FAMILY = 1;
			};
			name = Debug;
		};
		ECB792852E82215B00C44AF0 /* Release */ = {
			isa = XCBuildConfiguration;
			buildSettings = {
				ASSETCATALOG_COMPILER_APPICON_NAME = AppIcon;
				ASSETCATALOG_COMPILER_GLOBAL_ACCENT_COLOR_NAME = AccentColor;
				CODE_SIGN_ENTITLEMENTS = Clippy/Clippy.entitlements;
				CODE_SIGN_STYLE = Automatic;
				CURRENT_PROJECT_VERSION = 1;
				DEVELOPMENT_TEAM = 6G3B344SZD;
				GENERATE_INFOPLIST_FILE = YES;
				INFOPLIST_FILE = Clippy/Info.plist;
				INFOPLIST_KEY_CFBundleDisplayName = Clippy;
				INFOPLIST_KEY_UIApplicationSupportsIndirectInputEvents = YES;
				INFOPLIST_KEY_UILaunchStoryboardName = LaunchScreen;
				INFOPLIST_KEY_UISupportedInterfaceOrientations = UIInterfaceOrientationPortrait;
				INFOPLIST_KEY_UISupportedInterfaceOrientations_iPad = UIInterfaceOrientationPortrait;
				INFOPLIST_KEY_UIUserInterfaceStyle = Light;
				IPHONEOS_DEPLOYMENT_TARGET = 16.0;
				LD_RUNPATH_SEARCH_PATHS = (
					"$(inherited)",
					"@executable_path/Frameworks",
				);
				MARKETING_VERSION = 1.9.0;
				OTHER_LDFLAGS = "-ObjC";
				PRODUCT_BUNDLE_IDENTIFIER = com.jimin.Clippy;
				PRODUCT_NAME = "$(TARGET_NAME)";
				SUPPORTED_PLATFORMS = "iphoneos iphonesimulator";
				SUPPORTS_MACCATALYST = NO;
				SUPPORTS_MAC_DESIGNED_FOR_IPHONE_IPAD = NO;
				SUPPORTS_XR_DESIGNED_FOR_IPHONE_IPAD = NO;
				SWIFT_EMIT_LOC_STRINGS = YES;
				SWIFT_VERSION = 5.0;
				TARGETED_DEVICE_FAMILY = 1;
			};
			name = Release;
		};
		ECB792862E82215B00C44AF0 /* Debug */ = {
			isa = XCBuildConfiguration;
			buildSettings = {
				ALWAYS_SEARCH_USER_PATHS = NO;
				ASSETCATALOG_COMPILER_GENERATE_SWIFT_ASSET_SYMBOL_EXTENSIONS = YES;
				CLANG_ANALYZER_NONNULL = YES;
				CLANG_ANALYZER_NUMBER_OBJECT_CONVERSION = YES_AGGRESSIVE;
				CLANG_CXX_LANGUAGE_STANDARD = "gnu++20";
				CLANG_ENABLE_MODULES = YES;
				CLANG_ENABLE_OBJC_ARC = YES;
				CLANG_ENABLE_OBJC_WEAK = YES;
				CLANG_WARN_BLOCK_CAPTURE_AUTORELEASING = YES;
				CLANG_WARN_BOOL_CONVERSION = YES;
				CLANG_WARN_COMMA = YES;
				CLANG_WARN_CONSTANT_CONVERSION = YES;
				CLANG_WARN_DEPRECATED_OBJC_IMPLEMENTATIONS = YES;
				CLANG_WARN_DIRECT_OBJC_ISA_USAGE = YES_ERROR;
				CLANG_WARN_DOCUMENTATION_COMMENTS = YES;
				CLANG_WARN_EMPTY_BODY = YES;
				CLANG_WARN_ENUM_CONVERSION = YES;
				CLANG_WARN_INFINITE_RECURSION = YES;
				CLANG_WARN_INT_CONVERSION = YES;
				CLANG_WARN_NON_LITERAL_NULL_CONVERSION = YES;
				CLANG_WARN_OBJC_IMPLICIT_RETAIN_SELF = YES;
				CLANG_WARN_OBJC_LITERAL_CONVERSION = YES;
				CLANG_WARN_OBJC_ROOT_CLASS = YES_ERROR;
				CLANG_WARN_QUOTED_INCLUDE_IN_FRAMEWORK_HEADER = YES;
				CLANG_WARN_RANGE_LOOP_ANALYSIS = YES;
				CLANG_WARN_STRICT_PROTOTYPES = YES;
				CLANG_WARN_SUSPICIOUS_MOVE = YES;
				CLANG_WARN_UNGUARDED_AVAILABILITY = YES_AGGRESSIVE;
				CLANG_WARN_UNREACHABLE_CODE = YES;
				CLANG_WARN__DUPLICATE_METHOD_MATCH = YES;
				COPY_PHASE_STRIP = NO;
				DEBUG_INFORMATION_FORMAT = dwarf;
				ENABLE_STRICT_OBJC_MSGSEND = YES;
				ENABLE_TESTABILITY = YES;
				ENABLE_USER_SCRIPT_SANDBOXING = YES;
				GCC_C_LANGUAGE_STANDARD = gnu17;
				GCC_DYNAMIC_NO_PIC = NO;
				GCC_NO_COMMON_BLOCKS = YES;
				GCC_OPTIMIZATION_LEVEL = 0;
				GCC_PREPROCESSOR_DEFINITIONS = (
					"DEBUG=1",
					"$(inherited)",
				);
				GCC_WARN_64_TO_32_BIT_CONVERSION = YES;
				GCC_WARN_ABOUT_RETURN_TYPE = YES_ERROR;
				GCC_WARN_UNDECLARED_SELECTOR = YES;
				GCC_WARN_UNINITIALIZED_AUTOS = YES_AGGRESSIVE;
				GCC_WARN_UNUSED_FUNCTION = YES;
				GCC_WARN_UNUSED_VARIABLE = YES;
				IPHONEOS_DEPLOYMENT_TARGET = 18.5;
				LOCALIZATION_PREFERS_STRING_CATALOGS = YES;
				MTL_ENABLE_DEBUG_INFO = INCLUDE_SOURCE;
				MTL_FAST_MATH = YES;
				ONLY_ACTIVE_ARCH = YES;
				SDKROOT = iphoneos;
				SWIFT_ACTIVE_COMPILATION_CONDITIONS = "DEBUG $(inherited)";
				SWIFT_OPTIMIZATION_LEVEL = "-Onone";
			};
			name = Debug;
		};
		ECB792872E82215B00C44AF0 /* Release */ = {
			isa = XCBuildConfiguration;
			buildSettings = {
				ALWAYS_SEARCH_USER_PATHS = NO;
				ASSETCATALOG_COMPILER_GENERATE_SWIFT_ASSET_SYMBOL_EXTENSIONS = YES;
				CLANG_ANALYZER_NONNULL = YES;
				CLANG_ANALYZER_NUMBER_OBJECT_CONVERSION = YES_AGGRESSIVE;
				CLANG_CXX_LANGUAGE_STANDARD = "gnu++20";
				CLANG_ENABLE_MODULES = YES;
				CLANG_ENABLE_OBJC_ARC = YES;
				CLANG_ENABLE_OBJC_WEAK = YES;
				CLANG_WARN_BLOCK_CAPTURE_AUTORELEASING = YES;
				CLANG_WARN_BOOL_CONVERSION = YES;
				CLANG_WARN_COMMA = YES;
				CLANG_WARN_CONSTANT_CONVERSION = YES;
				CLANG_WARN_DEPRECATED_OBJC_IMPLEMENTATIONS = YES;
				CLANG_WARN_DIRECT_OBJC_ISA_USAGE = YES_ERROR;
				CLANG_WARN_DOCUMENTATION_COMMENTS = YES;
				CLANG_WARN_EMPTY_BODY = YES;
				CLANG_WARN_ENUM_CONVERSION = YES;
				CLANG_WARN_INFINITE_RECURSION = YES;
				CLANG_WARN_INT_CONVERSION = YES;
				CLANG_WARN_NON_LITERAL_NULL_CONVERSION = YES;
				CLANG_WARN_OBJC_IMPLICIT_RETAIN_SELF = YES;
				CLANG_WARN_OBJC_LITERAL_CONVERSION = YES;
				CLANG_WARN_OBJC_ROOT_CLASS = YES_ERROR;
				CLANG_WARN_QUOTED_INCLUDE_IN_FRAMEWORK_HEADER = YES;
				CLANG_WARN_RANGE_LOOP_ANALYSIS = YES;
				CLANG_WARN_STRICT_PROTOTYPES = YES;
				CLANG_WARN_SUSPICIOUS_MOVE = YES;
				CLANG_WARN_UNGUARDED_AVAILABILITY = YES_AGGRESSIVE;
				CLANG_WARN_UNREACHABLE_CODE = YES;
				CLANG_WARN__DUPLICATE_METHOD_MATCH = YES;
				COPY_PHASE_STRIP = NO;
				DEBUG_INFORMATION_FORMAT = "dwarf-with-dsym";
				ENABLE_NS_ASSERTIONS = NO;
				ENABLE_STRICT_OBJC_MSGSEND = YES;
				ENABLE_USER_SCRIPT_SANDBOXING = YES;
				GCC_C_LANGUAGE_STANDARD = gnu17;
				GCC_NO_COMMON_BLOCKS = YES;
				GCC_WARN_64_TO_32_BIT_CONVERSION = YES;
				GCC_WARN_ABOUT_RETURN_TYPE = YES_ERROR;
				GCC_WARN_UNDECLARED_SELECTOR = YES;
				GCC_WARN_UNINITIALIZED_AUTOS = YES_AGGRESSIVE;
				GCC_WARN_UNUSED_FUNCTION = YES;
				GCC_WARN_UNUSED_VARIABLE = YES;
				IPHONEOS_DEPLOYMENT_TARGET = 18.5;
				LOCALIZATION_PREFERS_STRING_CATALOGS = YES;
				MTL_ENABLE_DEBUG_INFO = NO;
				MTL_FAST_MATH = YES;
				SDKROOT = iphoneos;
				SWIFT_COMPILATION_MODE = wholemodule;
				VALIDATE_PRODUCT = YES;
			};
			name = Release;
		};
		ECD17EC22E9FE30E00751E4F /* Debug */ = {
			isa = XCBuildConfiguration;
			buildSettings = {
				CODE_SIGN_ENTITLEMENTS = ClippyShare/ClippyShare.entitlements;
				CODE_SIGN_STYLE = Automatic;
				CURRENT_PROJECT_VERSION = 1;
				DEVELOPMENT_TEAM = 6G3B344SZD;
				GENERATE_INFOPLIST_FILE = YES;
				INFOPLIST_FILE = ClippyShare/Info.plist;
				INFOPLIST_KEY_CFBundleDisplayName = ClippyShare;
				INFOPLIST_KEY_NSHumanReadableCopyright = "";
				IPHONEOS_DEPLOYMENT_TARGET = 16.0;
				LD_RUNPATH_SEARCH_PATHS = (
					"$(inherited)",
					"@executable_path/Frameworks",
					"@executable_path/../../Frameworks",
				);
				MARKETING_VERSION = 1.9.0;
				PRODUCT_BUNDLE_IDENTIFIER = com.jimin.Clippy.ClippyShare;
				PRODUCT_NAME = "$(TARGET_NAME)";
				SKIP_INSTALL = YES;
				SWIFT_EMIT_LOC_STRINGS = YES;
				SWIFT_VERSION = 5.0;
				TARGETED_DEVICE_FAMILY = "1,2";
			};
			name = Debug;
		};
		ECD17EC32E9FE30E00751E4F /* Release */ = {
			isa = XCBuildConfiguration;
			buildSettings = {
				CODE_SIGN_ENTITLEMENTS = ClippyShare/ClippyShare.entitlements;
				CODE_SIGN_STYLE = Automatic;
				CURRENT_PROJECT_VERSION = 1;
				DEVELOPMENT_TEAM = 6G3B344SZD;
				GENERATE_INFOPLIST_FILE = YES;
				INFOPLIST_FILE = ClippyShare/Info.plist;
				INFOPLIST_KEY_CFBundleDisplayName = ClippyShare;
				INFOPLIST_KEY_NSHumanReadableCopyright = "";
				IPHONEOS_DEPLOYMENT_TARGET = 16.0;
				LD_RUNPATH_SEARCH_PATHS = (
					"$(inherited)",
					"@executable_path/Frameworks",
					"@executable_path/../../Frameworks",
				);
				MARKETING_VERSION = 1.9.0;
				PRODUCT_BUNDLE_IDENTIFIER = com.jimin.Clippy.ClippyShare;
				PRODUCT_NAME = "$(TARGET_NAME)";
				SKIP_INSTALL = YES;
				SWIFT_EMIT_LOC_STRINGS = YES;
				SWIFT_VERSION = 5.0;
				TARGETED_DEVICE_FAMILY = "1,2";
			};
			name = Release;
		};
		ECEDF8CB2EEFB9FC00B06791 /* Debug */ = {
			isa = XCBuildConfiguration;
			buildSettings = {
				BUNDLE_LOADER = "$(TEST_HOST)";
				CODE_SIGN_STYLE = Automatic;
				CURRENT_PROJECT_VERSION = 1;
				DEVELOPMENT_TEAM = 6G3B344SZD;
				GENERATE_INFOPLIST_FILE = YES;
				IPHONEOS_DEPLOYMENT_TARGET = 16.0;
				MARKETING_VERSION = 1.0;
				PRODUCT_BUNDLE_IDENTIFIER = com.jimin.ClippyTests;
				PRODUCT_NAME = "$(TARGET_NAME)";
				SWIFT_EMIT_LOC_STRINGS = NO;
				SWIFT_VERSION = 5.0;
				TARGETED_DEVICE_FAMILY = "1,2";
				TEST_HOST = "$(BUILT_PRODUCTS_DIR)/Clippy.app/$(BUNDLE_EXECUTABLE_FOLDER_PATH)/Clippy";
			};
			name = Debug;
		};
		ECEDF8CC2EEFB9FC00B06791 /* Release */ = {
			isa = XCBuildConfiguration;
			buildSettings = {
				BUNDLE_LOADER = "$(TEST_HOST)";
				CODE_SIGN_STYLE = Automatic;
				CURRENT_PROJECT_VERSION = 1;
				DEVELOPMENT_TEAM = 6G3B344SZD;
				GENERATE_INFOPLIST_FILE = YES;
				IPHONEOS_DEPLOYMENT_TARGET = 16.0;
				MARKETING_VERSION = 1.0;
				PRODUCT_BUNDLE_IDENTIFIER = com.jimin.ClippyTests;
				PRODUCT_NAME = "$(TARGET_NAME)";
				SWIFT_EMIT_LOC_STRINGS = NO;
				SWIFT_VERSION = 5.0;
				TARGETED_DEVICE_FAMILY = "1,2";
				TEST_HOST = "$(BUILT_PRODUCTS_DIR)/Clippy.app/$(BUNDLE_EXECUTABLE_FOLDER_PATH)/Clippy";
			};
			name = Release;
		};
/* End XCBuildConfiguration section */

/* Begin XCConfigurationList section */
		EC4FE9002EB874F700617325 /* Build configuration list for PBXNativeTarget "ClippyWidgetExtension" */ = {
			isa = XCConfigurationList;
			buildConfigurations = (
				EC4FE8FE2EB874F700617325 /* Debug */,
				EC4FE8FF2EB874F700617325 /* Release */,
			);
			defaultConfigurationIsVisible = 0;
			defaultConfigurationName = Release;
		};
		ECB7926B2E82215900C44AF0 /* Build configuration list for PBXProject "Clippy" */ = {
			isa = XCConfigurationList;
			buildConfigurations = (
				ECB792862E82215B00C44AF0 /* Debug */,
				ECB792872E82215B00C44AF0 /* Release */,
			);
			defaultConfigurationIsVisible = 0;
			defaultConfigurationName = Release;
		};
		ECB792832E82215B00C44AF0 /* Build configuration list for PBXNativeTarget "Clippy" */ = {
			isa = XCConfigurationList;
			buildConfigurations = (
				ECB792842E82215B00C44AF0 /* Debug */,
				ECB792852E82215B00C44AF0 /* Release */,
			);
			defaultConfigurationIsVisible = 0;
			defaultConfigurationName = Release;
		};
		ECD17EC42E9FE30E00751E4F /* Build configuration list for PBXNativeTarget "ClippyShare" */ = {
			isa = XCConfigurationList;
			buildConfigurations = (
				ECD17EC22E9FE30E00751E4F /* Debug */,
				ECD17EC32E9FE30E00751E4F /* Release */,
			);
			defaultConfigurationIsVisible = 0;
			defaultConfigurationName = Release;
		};
		ECEDF8CD2EEFB9FC00B06791 /* Build configuration list for PBXNativeTarget "ClippyTests" */ = {
			isa = XCConfigurationList;
			buildConfigurations = (
				ECEDF8CB2EEFB9FC00B06791 /* Debug */,
				ECEDF8CC2EEFB9FC00B06791 /* Release */,
			);
			defaultConfigurationIsVisible = 0;
			defaultConfigurationName = Release;
		};
/* End XCConfigurationList section */

/* Begin XCRemoteSwiftPackageReference section */
		EC3E2BE52E90F7BD00E7F49B /* XCRemoteSwiftPackageReference "firebase-ios-sdk" */ = {
			isa = XCRemoteSwiftPackageReference;
			repositoryURL = "https://github.com/firebase/firebase-ios-sdk.git";
			requirement = {
				kind = upToNextMajorVersion;
				minimumVersion = 12.3.0;
			};
		};
		EC5368622E8417C200B411DB /* XCRemoteSwiftPackageReference "RxSwift" */ = {
			isa = XCRemoteSwiftPackageReference;
			repositoryURL = "https://github.com/ReactiveX/RxSwift";
			requirement = {
				kind = upToNextMajorVersion;
				minimumVersion = 6.9.0;
			};
		};
		EC5370732E8F472400B411DB /* XCRemoteSwiftPackageReference "Toast-Swift" */ = {
			isa = XCRemoteSwiftPackageReference;
			repositoryURL = "https://github.com/scalessec/Toast-Swift.git";
			requirement = {
				kind = upToNextMajorVersion;
				minimumVersion = 5.1.1;
			};
		};
		ECB793942E826D3800C44AF0 /* XCRemoteSwiftPackageReference "realm-swift" */ = {
			isa = XCRemoteSwiftPackageReference;
			repositoryURL = "https://github.com/realm/realm-swift.git";
			requirement = {
				kind = exactVersion;
				version = 20.0.3;
			};
		};
		ECB793972E826D4E00C44AF0 /* XCRemoteSwiftPackageReference "SnapKit" */ = {
			isa = XCRemoteSwiftPackageReference;
			repositoryURL = "https://github.com/SnapKit/SnapKit.git";
			requirement = {
				kind = upToNextMajorVersion;
				minimumVersion = 5.7.1;
			};
		};
/* End XCRemoteSwiftPackageReference section */

/* Begin XCSwiftPackageProductDependency section */
		EC3E2BE62E90F7BD00E7F49B /* FirebaseAnalyticsCore */ = {
			isa = XCSwiftPackageProductDependency;
			package = EC3E2BE52E90F7BD00E7F49B /* XCRemoteSwiftPackageReference "firebase-ios-sdk" */;
			productName = FirebaseAnalyticsCore;
		};
		EC3E2BE82E90F7BD00E7F49B /* FirebaseCrashlytics */ = {
			isa = XCSwiftPackageProductDependency;
			package = EC3E2BE52E90F7BD00E7F49B /* XCRemoteSwiftPackageReference "firebase-ios-sdk" */;
			productName = FirebaseCrashlytics;
		};
		EC3E2BEA2E90F7BD00E7F49B /* FirebaseMessaging */ = {
			isa = XCSwiftPackageProductDependency;
			package = EC3E2BE52E90F7BD00E7F49B /* XCRemoteSwiftPackageReference "firebase-ios-sdk" */;
			productName = FirebaseMessaging;
		};
		EC4FE9072EB8757B00617325 /* RealmSwift */ = {
			isa = XCSwiftPackageProductDependency;
			package = ECB793942E826D3800C44AF0 /* XCRemoteSwiftPackageReference "realm-swift" */;
			productName = RealmSwift;
		};
		EC5368632E8417C200B411DB /* RxCocoa */ = {
			isa = XCSwiftPackageProductDependency;
			package = EC5368622E8417C200B411DB /* XCRemoteSwiftPackageReference "RxSwift" */;
			productName = RxCocoa;
		};
		EC5368652E8417C200B411DB /* RxSwift */ = {
			isa = XCSwiftPackageProductDependency;
			package = EC5368622E8417C200B411DB /* XCRemoteSwiftPackageReference "RxSwift" */;
			productName = RxSwift;
		};
		EC5370742E8F472400B411DB /* Toast */ = {
			isa = XCSwiftPackageProductDependency;
			package = EC5370732E8F472400B411DB /* XCRemoteSwiftPackageReference "Toast-Swift" */;
			productName = Toast;
		};
		ECB793952E826D3800C44AF0 /* RealmSwift */ = {
			isa = XCSwiftPackageProductDependency;
			package = ECB793942E826D3800C44AF0 /* XCRemoteSwiftPackageReference "realm-swift" */;
			productName = RealmSwift;
		};
		ECB793982E826D4E00C44AF0 /* SnapKit */ = {
			isa = XCSwiftPackageProductDependency;
			package = ECB793972E826D4E00C44AF0 /* XCRemoteSwiftPackageReference "SnapKit" */;
			productName = SnapKit;
		};
		ECD17EC82E9FECA600751E4F /* SnapKit */ = {
			isa = XCSwiftPackageProductDependency;
			package = ECB793972E826D4E00C44AF0 /* XCRemoteSwiftPackageReference "SnapKit" */;
			productName = SnapKit;
		};
		ECD17ECA2E9FF5EA00751E4F /* Toast */ = {
			isa = XCSwiftPackageProductDependency;
			package = EC5370732E8F472400B411DB /* XCRemoteSwiftPackageReference "Toast-Swift" */;
			productName = Toast;
		};
		ECEDF8D22EEFBD6B00B06791 /* RealmSwift */ = {
			isa = XCSwiftPackageProductDependency;
			package = ECB793942E826D3800C44AF0 /* XCRemoteSwiftPackageReference "realm-swift" */;
			productName = RealmSwift;
		};
/* End XCSwiftPackageProductDependency section */
	};
	rootObject = ECB792682E82215900C44AF0 /* Project object */;
}
